PODS:
  - Flutter (1.0.0)
  - webcrypto (0.1.1):
    - Flutter

DEPENDENCIES:
  - Flutter (from `Flutter`)
  - webcrypto (from `.symlinks/plugins/webcrypto/ios`)

EXTERNAL SOURCES:
  Flutter:
    :path: Flutter
  webcrypto:
    :path: ".symlinks/plugins/webcrypto/ios"

SPEC CHECKSUMS:
  Flutter: 0e3d915762c693b495b44d77113d4970485de6ec
  webcrypto: ac37b97f415c7114abb8af22d58048b5cbcb23d3

PODFILE CHECKSUM: aafe91acc616949ddb318b77800a7f51bffa2a4c

COCOAPODS: 1.8.4
