PODS:
  - Flutter (1.0.0)
  - webcrypto (0.1.1):
    - Flutter

DEPENDENCIES:
  - Flutter (from `Flutter`)
  - webcrypto (from `.symlinks/plugins/webcrypto/ios`)

EXTERNAL SOURCES:
  Flutter:
    :path: Flutter
  webcrypto:
    :path: ".symlinks/plugins/webcrypto/ios"

SPEC CHECKSUMS:
  Flutter: 50d75fe2f02b26cc09d224853bb45737f8b3214a
  webcrypto: 58dac29c85327d3d72a47d19d44128f10905f58e

PODFILE CHECKSUM: aafe91acc616949ddb318b77800a7f51bffa2a4c

COCOAPODS: 1.11.3
