PODS:
  - FlutterMacOS (1.0.0)
  - webcrypto (0.1.1):
    - Flutter
    - FlutterMacOS

DEPENDENCIES:
  - FlutterMacOS (from `Flutter/ephemeral`)
  - webcrypto (from `Flutter/ephemeral/.symlinks/plugins/webcrypto/darwin`)

EXTERNAL SOURCES:
  FlutterMacOS:
    :path: Flutter/ephemeral
  webcrypto:
    :path: Flutter/ephemeral/.symlinks/plugins/webcrypto/darwin

SPEC CHECKSUMS:
  FlutterMacOS: 8f6f14fa908a6fb3fba0cd85dbd81ec4b251fb24
  webcrypto: f44963fa2d88f93deea971a9f59f2e21c2301689

PODFILE CHECKSUM: 236401fc2c932af29a9fcf0e97baeeb2d750d367

COCOAPODS: 1.12.1
